
Microsoft Visual Studio Solution File, Format Version 12.00
# Visual Studio 15
VisualStudioVersion = 15.0.28010.2041
MinimumVisualStudioVersion = 10.0.40219.1
Project("{FAE04EC0-301F-11D3-BF4B-00C04F79EFBC}") = "Lesson03_Homework", "Lesson03_Homework\Lesson03_Homework.csproj", "{87D1F93F-AAD8-439E-A385-0A62D90718AD}"
EndProject
Global
	GlobalSection(SolutionConfigurationPlatforms) = preSolution
		Debug|Any CPU = Debug|Any CPU
		Release|Any CPU = Release|Any CPU
	EndGlobalSection
	GlobalSection(ProjectConfigurationPlatforms) = postSolution
		{87D1F93F-AAD8-439E-A385-0A62D90718AD}.Debug|Any CPU.ActiveCfg = Debug|Any CPU
		{87D1F93F-AAD8-439E-A385-0A62D90718AD}.Debug|Any CPU.Build.0 = Debug|Any CPU
		{87D1F93F-AAD8-439E-A385-0A62D90718AD}.Release|Any CPU.ActiveCfg = Release|Any CPU
		{87D1F93F-AAD8-439E-A385-0A62D90718AD}.Release|Any CPU.Build.0 = Release|Any CPU
	EndGlobalSection
	GlobalSection(SolutionProperties) = preSolution
		HideSolutionNode = FALSE
	EndGlobalSection
	GlobalSection(ExtensibilityGlobals) = postSolution
		SolutionGuid = {D182D909-F86B-4D04-BEC7-76A43894B908}
	EndGlobalSection
EndGlobal
