
Microsoft Visual Studio Solution File, Format Version 12.00
# Visual Studio 15
VisualStudioVersion = 15.0.28010.2019
MinimumVisualStudioVersion = 10.0.40219.1
Project("{9A19103F-16F7-4668-BE54-9A1E7A4F7556}") = "ToDo", "ToDo\ToDo.csproj", "{2B335EC8-68FE-47D3-AFB5-84FF4340798E}"
EndProject

Project("{FAE04EC0-301F-11D3-BF4B-00C04F79EFBC}") = "TagHelpers", "TagHelpers\TagHelpers.csproj", "{31A69459-2ACA-452F-91AD-71AA0421F7A7}"
EndProject
Project("{FAE04EC0-301F-11D3-BF4B-00C04F79EFBC}") = "TagHelpers.Test", "TagHelpers.Test\TagHelpers.Test.csproj", "{57F52EFF-B390-4512-B8B8-6B24B0771035}"


Project("{FAE04EC0-301F-11D3-BF4B-00C04F79EFBC}") = "TagHelpers", "TagHelpers\TagHelpers.csproj", "{31A69459-2ACA-452F-91AD-71AA0421F7A7}"
EndProject
Project("{FAE04EC0-301F-11D3-BF4B-00C04F79EFBC}") = "TagHelpers.Test", "TagHelpers.Test\TagHelpers.Test.csproj", "{57F52EFF-B390-4512-B8B8-6B24B0771035}"


Project("{9A19103F-16F7-4668-BE54-9A1E7A4F7556}") = "TagHelpers", "TagHelpers\TagHelpers.csproj", "{31A69459-2ACA-452F-91AD-71AA0421F7A7}"
EndProject
Project("{9A19103F-16F7-4668-BE54-9A1E7A4F7556}") = "TagHelpers.Test", "TagHelpers.Test\TagHelpers.Test.csproj", "{57F52EFF-B390-4512-B8B8-6B24B0771035}"
EndProject
Project("{FAE04EC0-301F-11D3-BF4B-00C04F79EFBC}") = "ToDoApp.Tests", "ToDoApp.Tests\ToDoApp.Tests.csproj", "{B42D6376-8D81-4317-A3F7-C6042BC44ECD}"

Project("{FAE04EC0-301F-11D3-BF4B-00C04F79EFBC}") = "TagHelpers", "TagHelpers\TagHelpers.csproj", "{31A69459-2ACA-452F-91AD-71AA0421F7A7}"
EndProject
Project("{FAE04EC0-301F-11D3-BF4B-00C04F79EFBC}") = "TagHelpers.Test", "TagHelpers.Test\TagHelpers.Test.csproj", "{57F52EFF-B390-4512-B8B8-6B24B0771035}"


EndProject
Global
	GlobalSection(SolutionConfigurationPlatforms) = preSolution
		Debug|Any CPU = Debug|Any CPU
		Release|Any CPU = Release|Any CPU
	EndGlobalSection
	GlobalSection(ProjectConfigurationPlatforms) = postSolution
		{2B335EC8-68FE-47D3-AFB5-84FF4340798E}.Debug|Any CPU.ActiveCfg = Debug|Any CPU
		{2B335EC8-68FE-47D3-AFB5-84FF4340798E}.Debug|Any CPU.Build.0 = Debug|Any CPU
		{2B335EC8-68FE-47D3-AFB5-84FF4340798E}.Release|Any CPU.ActiveCfg = Release|Any CPU
		{2B335EC8-68FE-47D3-AFB5-84FF4340798E}.Release|Any CPU.Build.0 = Release|Any CPU
		{31A69459-2ACA-452F-91AD-71AA0421F7A7}.Debug|Any CPU.ActiveCfg = Debug|Any CPU
		{31A69459-2ACA-452F-91AD-71AA0421F7A7}.Debug|Any CPU.Build.0 = Debug|Any CPU
		{31A69459-2ACA-452F-91AD-71AA0421F7A7}.Release|Any CPU.ActiveCfg = Release|Any CPU
		{31A69459-2ACA-452F-91AD-71AA0421F7A7}.Release|Any CPU.Build.0 = Release|Any CPU
		{57F52EFF-B390-4512-B8B8-6B24B0771035}.Debug|Any CPU.ActiveCfg = Debug|Any CPU
		{57F52EFF-B390-4512-B8B8-6B24B0771035}.Debug|Any CPU.Build.0 = Debug|Any CPU
		{57F52EFF-B390-4512-B8B8-6B24B0771035}.Release|Any CPU.ActiveCfg = Release|Any CPU
		{57F52EFF-B390-4512-B8B8-6B24B0771035}.Release|Any CPU.Build.0 = Release|Any CPU


		{B42D6376-8D81-4317-A3F7-C6042BC44ECD}.Debug|Any CPU.ActiveCfg = Debug|Any CPU
		{B42D6376-8D81-4317-A3F7-C6042BC44ECD}.Debug|Any CPU.Build.0 = Debug|Any CPU
		{B42D6376-8D81-4317-A3F7-C6042BC44ECD}.Release|Any CPU.ActiveCfg = Release|Any CPU
		{B42D6376-8D81-4317-A3F7-C6042BC44ECD}.Release|Any CPU.Build.0 = Release|Any CPU


	EndGlobalSection
	GlobalSection(SolutionProperties) = preSolution
		HideSolutionNode = FALSE
	EndGlobalSection
	GlobalSection(ExtensibilityGlobals) = postSolution
		SolutionGuid = {6B4B796A-0430-4BBA-AE2A-5CB27CE6CB47}
	EndGlobalSection
EndGlobal
